
Microsoft Visual Studio Solution File, Format Version 12.00
# Visual Studio Version 17
VisualStudioVersion = 17.9.34728.123
MinimumVisualStudioVersion = 10.0.40219.1
Project("{2150E333-8FDC-42A3-9474-1A3956D46DE8}") = "Criacional", "Criacional", "{915C23A9-48C8-46B1-A6DF-A90B87C24581}"
EndProject
Project("{FAE04EC0-301F-11D3-BF4B-00C04F79EFBC}") = "SimpleFactory", "SimpleFactory\SimpleFactory.csproj", "{4192802D-1B60-45F7-A52C-0EF394F83BBB}"
EndProject
Global
	GlobalSection(SolutionConfigurationPlatforms) = preSolution
		Debug|Any CPU = Debug|Any CPU
		Release|Any CPU = Release|Any CPU
	EndGlobalSection
	GlobalSection(ProjectConfigurationPlatforms) = postSolution
		{4192802D-1B60-45F7-A52C-0EF394F83BBB}.Debug|Any CPU.ActiveCfg = Debug|Any CPU
		{4192802D-1B60-45F7-A52C-0EF394F83BBB}.Debug|Any CPU.Build.0 = Debug|Any CPU
		{4192802D-1B60-45F7-A52C-0EF394F83BBB}.Release|Any CPU.ActiveCfg = Release|Any CPU
		{4192802D-1B60-45F7-A52C-0EF394F83BBB}.Release|Any CPU.Build.0 = Release|Any CPU
	EndGlobalSection
	GlobalSection(SolutionProperties) = preSolution
		HideSolutionNode = FALSE
	EndGlobalSection
	GlobalSection(NestedProjects) = preSolution
		{4192802D-1B60-45F7-A52C-0EF394F83BBB} = {915C23A9-48C8-46B1-A6DF-A90B87C24581}
	EndGlobalSection
	GlobalSection(ExtensibilityGlobals) = postSolution
		SolutionGuid = {C99A8AD1-207A-4FF5-B305-2E07D3537C9F}
	EndGlobalSection
EndGlobal
