
Microsoft Visual Studio Solution File, Format Version 12.00
# Visual Studio Version 17
VisualStudioVersion = 17.9.34728.123
MinimumVisualStudioVersion = 10.0.40219.1
Project("{2150E333-8FDC-42A3-9474-1A3956D46DE8}") = "Criacional", "Criacional", "{915C23A9-48C8-46B1-A6DF-A90B87C24581}"
EndProject
Project("{9A19103F-16F7-4668-BE54-9A1E7A4F7556}") = "SimpleFactory", "SimpleFactory\SimpleFactory.csproj", "{4192802D-1B60-45F7-A52C-0EF394F83BBB}"
EndProject
Project("{9A19103F-16F7-4668-BE54-9A1E7A4F7556}") = "Factory", "Factory\Factory.csproj", "{5C5443BA-17DA-4A5A-A870-C7C444502D90}"
EndProject
Project("{9A19103F-16F7-4668-BE54-9A1E7A4F7556}") = "AbstractFactory", "AbstractFactory\AbstractFactory.csproj", "{094E0327-4A44-4572-900E-0E4FA36AB928}"
EndProject
Project("{9A19103F-16F7-4668-BE54-9A1E7A4F7556}") = "Builder", "Builder\Builder.csproj", "{9E7626C6-BCB1-47FE-883C-E669507B7A09}"
EndProject
Project("{9A19103F-16F7-4668-BE54-9A1E7A4F7556}") = "Prototype", "Prototype\Prototype.csproj", "{40A09DB9-77D9-40BD-9F7C-08579B30930D}"
EndProject
Project("{9A19103F-16F7-4668-BE54-9A1E7A4F7556}") = "Singleton", "Singleton\Singleton.csproj", "{A339CE90-1333-45CD-A4F9-F51252003380}"
EndProject
Project("{2150E333-8FDC-42A3-9474-1A3956D46DE8}") = "Estrutural", "Estrutural", "{EA896180-FE47-4161-AC4C-729079BB9F35}"
EndProject
Project("{FAE04EC0-301F-11D3-BF4B-00C04F79EFBC}") = "Adapter", "Adapter\Adapter.csproj", "{69CC6D6E-0FAD-4429-8003-1C3C3129354C}"
EndProject
Project("{FAE04EC0-301F-11D3-BF4B-00C04F79EFBC}") = "Bridge", "Bridge\Bridge.csproj", "{CB5C3B45-69B5-4624-B587-CF4E9724B293}"
EndProject
Project("{FAE04EC0-301F-11D3-BF4B-00C04F79EFBC}") = "Composite", "Composite\Composite.csproj", "{005C38A1-53AA-4AD1-BD98-8EA4DED388FF}"
EndProject
Project("{FAE04EC0-301F-11D3-BF4B-00C04F79EFBC}") = "Decorator", "Decorator\Decorator.csproj", "{CEFD9F12-F40C-4A02-8F22-2C37DD29921A}"
EndProject
Global
	GlobalSection(SolutionConfigurationPlatforms) = preSolution
		Debug|Any CPU = Debug|Any CPU
		Release|Any CPU = Release|Any CPU
	EndGlobalSection
	GlobalSection(ProjectConfigurationPlatforms) = postSolution
		{4192802D-1B60-45F7-A52C-0EF394F83BBB}.Debug|Any CPU.ActiveCfg = Debug|Any CPU
		{4192802D-1B60-45F7-A52C-0EF394F83BBB}.Debug|Any CPU.Build.0 = Debug|Any CPU
		{4192802D-1B60-45F7-A52C-0EF394F83BBB}.Release|Any CPU.ActiveCfg = Release|Any CPU
		{4192802D-1B60-45F7-A52C-0EF394F83BBB}.Release|Any CPU.Build.0 = Release|Any CPU
		{5C5443BA-17DA-4A5A-A870-C7C444502D90}.Debug|Any CPU.ActiveCfg = Debug|Any CPU
		{5C5443BA-17DA-4A5A-A870-C7C444502D90}.Debug|Any CPU.Build.0 = Debug|Any CPU
		{5C5443BA-17DA-4A5A-A870-C7C444502D90}.Release|Any CPU.ActiveCfg = Release|Any CPU
		{5C5443BA-17DA-4A5A-A870-C7C444502D90}.Release|Any CPU.Build.0 = Release|Any CPU
		{094E0327-4A44-4572-900E-0E4FA36AB928}.Debug|Any CPU.ActiveCfg = Debug|Any CPU
		{094E0327-4A44-4572-900E-0E4FA36AB928}.Debug|Any CPU.Build.0 = Debug|Any CPU
		{094E0327-4A44-4572-900E-0E4FA36AB928}.Release|Any CPU.ActiveCfg = Release|Any CPU
		{094E0327-4A44-4572-900E-0E4FA36AB928}.Release|Any CPU.Build.0 = Release|Any CPU
		{9E7626C6-BCB1-47FE-883C-E669507B7A09}.Debug|Any CPU.ActiveCfg = Debug|Any CPU
		{9E7626C6-BCB1-47FE-883C-E669507B7A09}.Debug|Any CPU.Build.0 = Debug|Any CPU
		{9E7626C6-BCB1-47FE-883C-E669507B7A09}.Release|Any CPU.ActiveCfg = Release|Any CPU
		{9E7626C6-BCB1-47FE-883C-E669507B7A09}.Release|Any CPU.Build.0 = Release|Any CPU
		{40A09DB9-77D9-40BD-9F7C-08579B30930D}.Debug|Any CPU.ActiveCfg = Debug|Any CPU
		{40A09DB9-77D9-40BD-9F7C-08579B30930D}.Debug|Any CPU.Build.0 = Debug|Any CPU
		{40A09DB9-77D9-40BD-9F7C-08579B30930D}.Release|Any CPU.ActiveCfg = Release|Any CPU
		{40A09DB9-77D9-40BD-9F7C-08579B30930D}.Release|Any CPU.Build.0 = Release|Any CPU
		{A339CE90-1333-45CD-A4F9-F51252003380}.Debug|Any CPU.ActiveCfg = Debug|Any CPU
		{A339CE90-1333-45CD-A4F9-F51252003380}.Debug|Any CPU.Build.0 = Debug|Any CPU
		{A339CE90-1333-45CD-A4F9-F51252003380}.Release|Any CPU.ActiveCfg = Release|Any CPU
		{A339CE90-1333-45CD-A4F9-F51252003380}.Release|Any CPU.Build.0 = Release|Any CPU
		{69CC6D6E-0FAD-4429-8003-1C3C3129354C}.Debug|Any CPU.ActiveCfg = Debug|Any CPU
		{69CC6D6E-0FAD-4429-8003-1C3C3129354C}.Debug|Any CPU.Build.0 = Debug|Any CPU
		{69CC6D6E-0FAD-4429-8003-1C3C3129354C}.Release|Any CPU.ActiveCfg = Release|Any CPU
		{69CC6D6E-0FAD-4429-8003-1C3C3129354C}.Release|Any CPU.Build.0 = Release|Any CPU
		{CB5C3B45-69B5-4624-B587-CF4E9724B293}.Debug|Any CPU.ActiveCfg = Debug|Any CPU
		{CB5C3B45-69B5-4624-B587-CF4E9724B293}.Debug|Any CPU.Build.0 = Debug|Any CPU
		{CB5C3B45-69B5-4624-B587-CF4E9724B293}.Release|Any CPU.ActiveCfg = Release|Any CPU
		{CB5C3B45-69B5-4624-B587-CF4E9724B293}.Release|Any CPU.Build.0 = Release|Any CPU
		{005C38A1-53AA-4AD1-BD98-8EA4DED388FF}.Debug|Any CPU.ActiveCfg = Debug|Any CPU
		{005C38A1-53AA-4AD1-BD98-8EA4DED388FF}.Debug|Any CPU.Build.0 = Debug|Any CPU
		{005C38A1-53AA-4AD1-BD98-8EA4DED388FF}.Release|Any CPU.ActiveCfg = Release|Any CPU
		{005C38A1-53AA-4AD1-BD98-8EA4DED388FF}.Release|Any CPU.Build.0 = Release|Any CPU
		{CEFD9F12-F40C-4A02-8F22-2C37DD29921A}.Debug|Any CPU.ActiveCfg = Debug|Any CPU
		{CEFD9F12-F40C-4A02-8F22-2C37DD29921A}.Debug|Any CPU.Build.0 = Debug|Any CPU
		{CEFD9F12-F40C-4A02-8F22-2C37DD29921A}.Release|Any CPU.ActiveCfg = Release|Any CPU
		{CEFD9F12-F40C-4A02-8F22-2C37DD29921A}.Release|Any CPU.Build.0 = Release|Any CPU
	EndGlobalSection
	GlobalSection(SolutionProperties) = preSolution
		HideSolutionNode = FALSE
	EndGlobalSection
	GlobalSection(NestedProjects) = preSolution
		{4192802D-1B60-45F7-A52C-0EF394F83BBB} = {915C23A9-48C8-46B1-A6DF-A90B87C24581}
		{5C5443BA-17DA-4A5A-A870-C7C444502D90} = {915C23A9-48C8-46B1-A6DF-A90B87C24581}
		{094E0327-4A44-4572-900E-0E4FA36AB928} = {915C23A9-48C8-46B1-A6DF-A90B87C24581}
		{9E7626C6-BCB1-47FE-883C-E669507B7A09} = {915C23A9-48C8-46B1-A6DF-A90B87C24581}
		{40A09DB9-77D9-40BD-9F7C-08579B30930D} = {915C23A9-48C8-46B1-A6DF-A90B87C24581}
		{A339CE90-1333-45CD-A4F9-F51252003380} = {915C23A9-48C8-46B1-A6DF-A90B87C24581}
		{69CC6D6E-0FAD-4429-8003-1C3C3129354C} = {EA896180-FE47-4161-AC4C-729079BB9F35}
		{CB5C3B45-69B5-4624-B587-CF4E9724B293} = {EA896180-FE47-4161-AC4C-729079BB9F35}
		{005C38A1-53AA-4AD1-BD98-8EA4DED388FF} = {EA896180-FE47-4161-AC4C-729079BB9F35}
		{CEFD9F12-F40C-4A02-8F22-2C37DD29921A} = {EA896180-FE47-4161-AC4C-729079BB9F35}
	EndGlobalSection
	GlobalSection(ExtensibilityGlobals) = postSolution
		SolutionGuid = {C99A8AD1-207A-4FF5-B305-2E07D3537C9F}
	EndGlobalSection
EndGlobal
